
Microsoft Visual Studio Solution File, Format Version 12.00
# Visual Studio Version 17
VisualStudioVersion = 17.6.33815.320
MinimumVisualStudioVersion = 10.0.40219.1
Project("{FAE04EC0-301F-11D3-BF4B-00C04F79EFBC}") = "LinkedList", "LinkedList\LinkedList.csproj", "{952B61C4-E561-4230-9CC2-847990C7AFC1}"
EndProject
Global
	GlobalSection(SolutionConfigurationPlatforms) = preSolution
		Debug|Any CPU = Debug|Any CPU
		Release|Any CPU = Release|Any CPU
	EndGlobalSection
	GlobalSection(ProjectConfigurationPlatforms) = postSolution
		{952B61C4-E561-4230-9CC2-847990C7AFC1}.Debug|Any CPU.ActiveCfg = Debug|Any CPU
		{952B61C4-E561-4230-9CC2-847990C7AFC1}.Debug|Any CPU.Build.0 = Debug|Any CPU
		{952B61C4-E561-4230-9CC2-847990C7AFC1}.Release|Any CPU.ActiveCfg = Release|Any CPU
		{952B61C4-E561-4230-9CC2-847990C7AFC1}.Release|Any CPU.Build.0 = Release|Any CPU
	EndGlobalSection
	GlobalSection(SolutionProperties) = preSolution
		HideSolutionNode = FALSE
	EndGlobalSection
	GlobalSection(ExtensibilityGlobals) = postSolution
		SolutionGuid = {69319945-2643-43CD-BB18-747E32E6754C}
	EndGlobalSection
EndGlobal
